// !$*UTF8*$!
{
	archiveVersion = 1;
	classes = {
	};
	objectVersion = 51;
	objects = {

/* Begin PBXBuildFile section */
		013263FF2352BB6F00D82169 /* BrandImageCell.swift in Sources */ = {isa = PBXBuildFile; fileRef = 013263FE2352BB6F00D82169 /* BrandImageCell.swift */; };
		0132643F235316FD00D82169 /* CalorieViewController.swift in Sources */ = {isa = PBXBuildFile; fileRef = 0132643E235316FD00D82169 /* CalorieViewController.swift */; };
		0132644123531C3600D82169 /* DBModel.swift in Sources */ = {isa = PBXBuildFile; fileRef = 0132644023531C3600D82169 /* DBModel.swift */; };
		01326443235321AE00D82169 /* CalorieCell.swift in Sources */ = {isa = PBXBuildFile; fileRef = 01326442235321AE00D82169 /* CalorieCell.swift */; };
		0132644523534DF500D82169 /* Calories.swift in Sources */ = {isa = PBXBuildFile; fileRef = 0132644423534DF500D82169 /* Calories.swift */; };
		0132644723536AA400D82169 /* CalorieDetailViewController.swift in Sources */ = {isa = PBXBuildFile; fileRef = 0132644623536AA400D82169 /* CalorieDetailViewController.swift */; };
		016910742309656C002A8265 /* EventSafariView.swift in Sources */ = {isa = PBXBuildFile; fileRef = 016910732309656C002A8265 /* EventSafariView.swift */; };
		016910772309860C002A8265 /* DeveloperInfoViewController.swift in Sources */ = {isa = PBXBuildFile; fileRef = 016910762309860C002A8265 /* DeveloperInfoViewController.swift */; };
		016AC0512348F66500D853A4 /* FranchiseCell.swift in Sources */ = {isa = PBXBuildFile; fileRef = 016AC0502348F66500D853A4 /* FranchiseCell.swift */; };
		0172A3E822E8A9A800D2A67F /* EventWebView.swift in Sources */ = {isa = PBXBuildFile; fileRef = 0172A3E722E8A9A800D2A67F /* EventWebView.swift */; };
		019902302350E1C8008BC24D /* HamburgerFranCell.swift in Sources */ = {isa = PBXBuildFile; fileRef = 0199022F2350E1C8008BC24D /* HamburgerFranCell.swift */; };
		019902322350F20E008BC24D /* FranDetailViewController.swift in Sources */ = {isa = PBXBuildFile; fileRef = 019902312350F20E008BC24D /* FranDetailViewController.swift */; };
		019902472351F047008BC24D /* File.strings in Resources */ = {isa = PBXBuildFile; fileRef = 019902492351F047008BC24D /* File.strings */; };
		019987C42394F7D500E3AFAD /* GoogleService-Info.plist in Resources */ = {isa = PBXBuildFile; fileRef = 019987C32394F7D500E3AFAD /* GoogleService-Info.plist */; };
		01AEA73323B4E90F005A7521 /* EventCell.swift in Sources */ = {isa = PBXBuildFile; fileRef = 01AEA73223B4E90F005A7521 /* EventCell.swift */; };
		01C500162369D5860085D670 /* BrandViewController.swift in Sources */ = {isa = PBXBuildFile; fileRef = 01C500152369D5860085D670 /* BrandViewController.swift */; };
		01CB0F2320AF02BF00280A70 /* AppDelegate.swift in Sources */ = {isa = PBXBuildFile; fileRef = 01CB0F2220AF02BF00280A70 /* AppDelegate.swift */; };
		01CB0F2520AF02BF00280A70 /* ViewController.swift in Sources */ = {isa = PBXBuildFile; fileRef = 01CB0F2420AF02BF00280A70 /* ViewController.swift */; };
		01CB0F2820AF02BF00280A70 /* Main.storyboard in Resources */ = {isa = PBXBuildFile; fileRef = 01CB0F2620AF02BF00280A70 /* Main.storyboard */; };
		01CB0F2A20AF02C000280A70 /* Assets.xcassets in Resources */ = {isa = PBXBuildFile; fileRef = 01CB0F2920AF02C000280A70 /* Assets.xcassets */; };
		01CB0F2D20AF02C000280A70 /* LaunchScreen.storyboard in Resources */ = {isa = PBXBuildFile; fileRef = 01CB0F2B20AF02C000280A70 /* LaunchScreen.storyboard */; };
		01DBFF1B23BCE6F700ADCC99 /* InfoPlist.strings in Resources */ = {isa = PBXBuildFile; fileRef = 01DBFF1D23BCE6F700ADCC99 /* InfoPlist.strings */; };
		01E619BD233CEA1100BD1DAF /* intro.gif in Resources */ = {isa = PBXBuildFile; fileRef = 01E619BC233CEA1100BD1DAF /* intro.gif */; };
		01E619BF233CED6200BD1DAF /* CommonMethod.swift in Sources */ = {isa = PBXBuildFile; fileRef = 01E619BE233CED6200BD1DAF /* CommonMethod.swift */; };
		01E619C1233E84E100BD1DAF /* SettingViewController.swift in Sources */ = {isa = PBXBuildFile; fileRef = 01E619C0233E84E100BD1DAF /* SettingViewController.swift */; };
		01E619C3233EA2F300BD1DAF /* MenuCell.swift in Sources */ = {isa = PBXBuildFile; fileRef = 01E619C2233EA2F300BD1DAF /* MenuCell.swift */; };
		01E619C5233F163E00BD1DAF /* NoticeViewController.swift in Sources */ = {isa = PBXBuildFile; fileRef = 01E619C4233F163E00BD1DAF /* NoticeViewController.swift */; };
		01F4688A233A525800A1B4CA /* BrandCell.swift in Sources */ = {isa = PBXBuildFile; fileRef = 01F46889233A525800A1B4CA /* BrandCell.swift */; };
		80598ABE616455F8DC2CF48E /* Pods_HamuHamu.framework in Frameworks */ = {isa = PBXBuildFile; fileRef = 01C555D680D370FC28A77BAD /* Pods_HamuHamu.framework */; };
/* End PBXBuildFile section */

/* Begin PBXFileReference section */
		013263FE2352BB6F00D82169 /* BrandImageCell.swift */ = {isa = PBXFileReference; lastKnownFileType = sourcecode.swift; path = BrandImageCell.swift; sourceTree = "<group>"; };
		0132643E235316FD00D82169 /* CalorieViewController.swift */ = {isa = PBXFileReference; lastKnownFileType = sourcecode.swift; path = CalorieViewController.swift; sourceTree = "<group>"; };
		0132644023531C3600D82169 /* DBModel.swift */ = {isa = PBXFileReference; lastKnownFileType = sourcecode.swift; path = DBModel.swift; sourceTree = "<group>"; };
		01326442235321AE00D82169 /* CalorieCell.swift */ = {isa = PBXFileReference; lastKnownFileType = sourcecode.swift; path = CalorieCell.swift; sourceTree = "<group>"; };
		0132644423534DF500D82169 /* Calories.swift */ = {isa = PBXFileReference; lastKnownFileType = sourcecode.swift; path = Calories.swift; sourceTree = "<group>"; };
		0132644623536AA400D82169 /* CalorieDetailViewController.swift */ = {isa = PBXFileReference; lastKnownFileType = sourcecode.swift; path = CalorieDetailViewController.swift; sourceTree = "<group>"; };
		016910732309656C002A8265 /* EventSafariView.swift */ = {isa = PBXFileReference; lastKnownFileType = sourcecode.swift; path = EventSafariView.swift; sourceTree = "<group>"; };
		016910762309860C002A8265 /* DeveloperInfoViewController.swift */ = {isa = PBXFileReference; lastKnownFileType = sourcecode.swift; path = DeveloperInfoViewController.swift; sourceTree = "<group>"; };
		016AC0502348F66500D853A4 /* FranchiseCell.swift */ = {isa = PBXFileReference; lastKnownFileType = sourcecode.swift; path = FranchiseCell.swift; sourceTree = "<group>"; };
		0172A3E722E8A9A800D2A67F /* EventWebView.swift */ = {isa = PBXFileReference; lastKnownFileType = sourcecode.swift; path = EventWebView.swift; sourceTree = "<group>"; };
		0199022F2350E1C8008BC24D /* HamburgerFranCell.swift */ = {isa = PBXFileReference; lastKnownFileType = sourcecode.swift; path = HamburgerFranCell.swift; sourceTree = "<group>"; };
		019902312350F20E008BC24D /* FranDetailViewController.swift */ = {isa = PBXFileReference; lastKnownFileType = sourcecode.swift; path = FranDetailViewController.swift; sourceTree = "<group>"; };
		019902422351EE37008BC24D /* ko */ = {isa = PBXFileReference; lastKnownFileType = text.plist.strings; name = ko; path = ko.lproj/Main.strings; sourceTree = "<group>"; };
		019902432351EE37008BC24D /* ko */ = {isa = PBXFileReference; lastKnownFileType = text.plist.strings; name = ko; path = ko.lproj/LaunchScreen.strings; sourceTree = "<group>"; };
		019902482351F047008BC24D /* en */ = {isa = PBXFileReference; lastKnownFileType = text.plist.strings; name = en; path = en.lproj/File.strings; sourceTree = "<group>"; };
		0199024A2351F04B008BC24D /* ko */ = {isa = PBXFileReference; lastKnownFileType = text.plist.strings; name = ko; path = ko.lproj/File.strings; sourceTree = "<group>"; };
		019987C32394F7D500E3AFAD /* GoogleService-Info.plist */ = {isa = PBXFileReference; fileEncoding = 4; lastKnownFileType = text.plist.xml; path = "GoogleService-Info.plist"; sourceTree = "<group>"; };
		01AEA73223B4E90F005A7521 /* EventCell.swift */ = {isa = PBXFileReference; lastKnownFileType = sourcecode.swift; path = EventCell.swift; sourceTree = "<group>"; };
		01C500152369D5860085D670 /* BrandViewController.swift */ = {isa = PBXFileReference; lastKnownFileType = sourcecode.swift; path = BrandViewController.swift; sourceTree = "<group>"; };
		01C555D680D370FC28A77BAD /* Pods_HamuHamu.framework */ = {isa = PBXFileReference; explicitFileType = wrapper.framework; includeInIndex = 0; path = Pods_HamuHamu.framework; sourceTree = BUILT_PRODUCTS_DIR; };
		01CB0F1F20AF02BF00280A70 /* HamuHamu.app */ = {isa = PBXFileReference; explicitFileType = wrapper.application; includeInIndex = 0; path = HamuHamu.app; sourceTree = BUILT_PRODUCTS_DIR; };
		01CB0F2220AF02BF00280A70 /* AppDelegate.swift */ = {isa = PBXFileReference; lastKnownFileType = sourcecode.swift; path = AppDelegate.swift; sourceTree = "<group>"; };
		01CB0F2420AF02BF00280A70 /* ViewController.swift */ = {isa = PBXFileReference; lastKnownFileType = sourcecode.swift; path = ViewController.swift; sourceTree = "<group>"; };
		01CB0F2720AF02BF00280A70 /* Base */ = {isa = PBXFileReference; lastKnownFileType = file.storyboard; name = Base; path = Base.lproj/Main.storyboard; sourceTree = "<group>"; };
		01CB0F2920AF02C000280A70 /* Assets.xcassets */ = {isa = PBXFileReference; lastKnownFileType = folder.assetcatalog; path = Assets.xcassets; sourceTree = "<group>"; };
		01CB0F2C20AF02C000280A70 /* Base */ = {isa = PBXFileReference; lastKnownFileType = file.storyboard; name = Base; path = Base.lproj/LaunchScreen.storyboard; sourceTree = "<group>"; };
		01CB0F2E20AF02C000280A70 /* Info.plist */ = {isa = PBXFileReference; lastKnownFileType = text.plist.xml; path = Info.plist; sourceTree = "<group>"; };
		01DBFF1C23BCE6F700ADCC99 /* en */ = {isa = PBXFileReference; lastKnownFileType = text.plist.strings; name = en; path = en.lproj/InfoPlist.strings; sourceTree = "<group>"; };
		01DBFF1E23BCE6FA00ADCC99 /* ko */ = {isa = PBXFileReference; lastKnownFileType = text.plist.strings; name = ko; path = ko.lproj/InfoPlist.strings; sourceTree = "<group>"; };
		01DF53782333D65C00D84FAB /* HamuHamu.entitlements */ = {isa = PBXFileReference; lastKnownFileType = text.plist.entitlements; path = HamuHamu.entitlements; sourceTree = "<group>"; };
		01E619BC233CEA1100BD1DAF /* intro.gif */ = {isa = PBXFileReference; lastKnownFileType = image.gif; path = intro.gif; sourceTree = "<group>"; };
		01E619BE233CED6200BD1DAF /* CommonMethod.swift */ = {isa = PBXFileReference; lastKnownFileType = sourcecode.swift; path = CommonMethod.swift; sourceTree = "<group>"; };
		01E619C0233E84E100BD1DAF /* SettingViewController.swift */ = {isa = PBXFileReference; lastKnownFileType = sourcecode.swift; path = SettingViewController.swift; sourceTree = "<group>"; };
		01E619C2233EA2F300BD1DAF /* MenuCell.swift */ = {isa = PBXFileReference; lastKnownFileType = sourcecode.swift; path = MenuCell.swift; sourceTree = "<group>"; };
		01E619C4233F163E00BD1DAF /* NoticeViewController.swift */ = {isa = PBXFileReference; lastKnownFileType = sourcecode.swift; path = NoticeViewController.swift; sourceTree = "<group>"; };
		01F46889233A525800A1B4CA /* BrandCell.swift */ = {isa = PBXFileReference; lastKnownFileType = sourcecode.swift; path = BrandCell.swift; sourceTree = "<group>"; };
		A5F46ADB61BF449F26989E61 /* Pods-HamuHamu.release.xcconfig */ = {isa = PBXFileReference; includeInIndex = 1; lastKnownFileType = text.xcconfig; name = "Pods-HamuHamu.release.xcconfig"; path = "Target Support Files/Pods-HamuHamu/Pods-HamuHamu.release.xcconfig"; sourceTree = "<group>"; };
		C960CED6D3A298F6BB220917 /* Pods-HamuHamu.debug.xcconfig */ = {isa = PBXFileReference; includeInIndex = 1; lastKnownFileType = text.xcconfig; name = "Pods-HamuHamu.debug.xcconfig"; path = "Target Support Files/Pods-HamuHamu/Pods-HamuHamu.debug.xcconfig"; sourceTree = "<group>"; };
/* End PBXFileReference section */

/* Begin PBXFrameworksBuildPhase section */
		01CB0F1C20AF02BF00280A70 /* Frameworks */ = {
			isa = PBXFrameworksBuildPhase;
			buildActionMask = 2147483647;
			files = (
				80598ABE616455F8DC2CF48E /* Pods_HamuHamu.framework in Frameworks */,
			);
			runOnlyForDeploymentPostprocessing = 0;
		};
/* End PBXFrameworksBuildPhase section */

/* Begin PBXGroup section */
		016910752309657D002A8265 /* WebView */ = {
			isa = PBXGroup;
			children = (
				0172A3E722E8A9A800D2A67F /* EventWebView.swift */,
				016910732309656C002A8265 /* EventSafariView.swift */,
			);
			path = WebView;
			sourceTree = "<group>";
		};
		01CB0F1620AF02BF00280A70 = {
			isa = PBXGroup;
			children = (
				01CB0F2120AF02BF00280A70 /* HamuHamu */,
				01CB0F2020AF02BF00280A70 /* Products */,
				262E0B8D5984B0217D61DF6B /* Pods */,
				B1E2FE57278B7FE502DA2929 /* Frameworks */,
			);
			sourceTree = "<group>";
		};
		01CB0F2020AF02BF00280A70 /* Products */ = {
			isa = PBXGroup;
			children = (
				01CB0F1F20AF02BF00280A70 /* HamuHamu.app */,
			);
			name = Products;
			sourceTree = "<group>";
		};
		01CB0F2120AF02BF00280A70 /* HamuHamu */ = {
			isa = PBXGroup;
			children = (
				01DF53782333D65C00D84FAB /* HamuHamu.entitlements */,
				01E619BC233CEA1100BD1DAF /* intro.gif */,
				01CB0F2220AF02BF00280A70 /* AppDelegate.swift */,
				01CB0F2420AF02BF00280A70 /* ViewController.swift */,
				01C500152369D5860085D670 /* BrandViewController.swift */,
				0132643E235316FD00D82169 /* CalorieViewController.swift */,
				01326442235321AE00D82169 /* CalorieCell.swift */,
				013263FE2352BB6F00D82169 /* BrandImageCell.swift */,
				0199022F2350E1C8008BC24D /* HamburgerFranCell.swift */,
				016AC0502348F66500D853A4 /* FranchiseCell.swift */,
				01F46889233A525800A1B4CA /* BrandCell.swift */,
				019902312350F20E008BC24D /* FranDetailViewController.swift */,
				01AEA73223B4E90F005A7521 /* EventCell.swift */,
				0132644623536AA400D82169 /* CalorieDetailViewController.swift */,
				016910752309657D002A8265 /* WebView */,
				01E619C0233E84E100BD1DAF /* SettingViewController.swift */,
				01E619C2233EA2F300BD1DAF /* MenuCell.swift */,
				01E619C4233F163E00BD1DAF /* NoticeViewController.swift */,
				016910762309860C002A8265 /* DeveloperInfoViewController.swift */,
				01E619BE233CED6200BD1DAF /* CommonMethod.swift */,
				0132644023531C3600D82169 /* DBModel.swift */,
				0132644423534DF500D82169 /* Calories.swift */,
				019902492351F047008BC24D /* File.strings */,
				01DBFF1D23BCE6F700ADCC99 /* InfoPlist.strings */,
				01CB0F2620AF02BF00280A70 /* Main.storyboard */,
				01CB0F2920AF02C000280A70 /* Assets.xcassets */,
				01CB0F2B20AF02C000280A70 /* LaunchScreen.storyboard */,
				01CB0F2E20AF02C000280A70 /* Info.plist */,
				019987C32394F7D500E3AFAD /* GoogleService-Info.plist */,
			);
			path = HamuHamu;
			sourceTree = "<group>";
		};
		262E0B8D5984B0217D61DF6B /* Pods */ = {
			isa = PBXGroup;
			children = (
				C960CED6D3A298F6BB220917 /* Pods-HamuHamu.debug.xcconfig */,
				A5F46ADB61BF449F26989E61 /* Pods-HamuHamu.release.xcconfig */,
			);
			path = Pods;
			sourceTree = "<group>";
		};
		B1E2FE57278B7FE502DA2929 /* Frameworks */ = {
			isa = PBXGroup;
			children = (
				01C555D680D370FC28A77BAD /* Pods_HamuHamu.framework */,
			);
			name = Frameworks;
			sourceTree = "<group>";
		};
/* End PBXGroup section */

/* Begin PBXNativeTarget section */
		01CB0F1E20AF02BF00280A70 /* HamuHamu */ = {
			isa = PBXNativeTarget;
			buildConfigurationList = 01CB0F3120AF02C000280A70 /* Build configuration list for PBXNativeTarget "HamuHamu" */;
			buildPhases = (
				0C7664290CC5FEAE6382E7E2 /* [CP] Check Pods Manifest.lock */,
				01CB0F1B20AF02BF00280A70 /* Sources */,
				01CB0F1C20AF02BF00280A70 /* Frameworks */,
				01CB0F1D20AF02BF00280A70 /* Resources */,
				B33537171EFE5475F199F289 /* [CP] Embed Pods Frameworks */,
			);
			buildRules = (
			);
			dependencies = (
			);
			name = HamuHamu;
			productName = HamuHamu;
			productReference = 01CB0F1F20AF02BF00280A70 /* HamuHamu.app */;
			productType = "com.apple.product-type.application";
		};
/* End PBXNativeTarget section */

/* Begin PBXProject section */
		01CB0F1720AF02BF00280A70 /* Project object */ = {
			isa = PBXProject;
			attributes = {
				LastSwiftUpdateCheck = 0930;
				LastUpgradeCheck = 0930;
				ORGANIZATIONNAME = "hansub yoo";
				TargetAttributes = {
					01CB0F1E20AF02BF00280A70 = {
						CreatedOnToolsVersion = 9.3;
						SystemCapabilities = {
							com.apple.Push = {
								enabled = 1;
							};
						};
					};
				};
			};
			buildConfigurationList = 01CB0F1A20AF02BF00280A70 /* Build configuration list for PBXProject "HamuHamu" */;
			compatibilityVersion = "Xcode 9.3";
			developmentRegion = en;
			hasScannedForEncodings = 0;
			knownRegions = (
				en,
				Base,
				ko,
			);
			mainGroup = 01CB0F1620AF02BF00280A70;
			productRefGroup = 01CB0F2020AF02BF00280A70 /* Products */;
			projectDirPath = "";
			projectRoot = "";
			targets = (
				01CB0F1E20AF02BF00280A70 /* HamuHamu */,
			);
		};
/* End PBXProject section */

/* Begin PBXResourcesBuildPhase section */
		01CB0F1D20AF02BF00280A70 /* Resources */ = {
			isa = PBXResourcesBuildPhase;
			buildActionMask = 2147483647;
			files = (
				01CB0F2D20AF02C000280A70 /* LaunchScreen.storyboard in Resources */,
				01DBFF1B23BCE6F700ADCC99 /* InfoPlist.strings in Resources */,
				01CB0F2A20AF02C000280A70 /* Assets.xcassets in Resources */,
				01CB0F2820AF02BF00280A70 /* Main.storyboard in Resources */,
				01E619BD233CEA1100BD1DAF /* intro.gif in Resources */,
				019902472351F047008BC24D /* File.strings in Resources */,
				019987C42394F7D500E3AFAD /* GoogleService-Info.plist in Resources */,
			);
			runOnlyForDeploymentPostprocessing = 0;
		};
/* End PBXResourcesBuildPhase section */

/* Begin PBXShellScriptBuildPhase section */
		0C7664290CC5FEAE6382E7E2 /* [CP] Check Pods Manifest.lock */ = {
			isa = PBXShellScriptBuildPhase;
			buildActionMask = 2147483647;
			files = (
			);
			inputFileListPaths = (
			);
			inputPaths = (
				"${PODS_PODFILE_DIR_PATH}/Podfile.lock",
				"${PODS_ROOT}/Manifest.lock",
			);
			name = "[CP] Check Pods Manifest.lock";
			outputFileListPaths = (
			);
			outputPaths = (
				"$(DERIVED_FILE_DIR)/Pods-HamuHamu-checkManifestLockResult.txt",
			);
			runOnlyForDeploymentPostprocessing = 0;
			shellPath = /bin/sh;
			shellScript = "diff \"${PODS_PODFILE_DIR_PATH}/Podfile.lock\" \"${PODS_ROOT}/Manifest.lock\" > /dev/null\nif [ $? != 0 ] ; then\n    # print error to STDERR\n    echo \"error: The sandbox is not in sync with the Podfile.lock. Run 'pod install' or update your CocoaPods installation.\" >&2\n    exit 1\nfi\n# This output is used by Xcode 'outputs' to avoid re-running this script phase.\necho \"SUCCESS\" > \"${SCRIPT_OUTPUT_FILE_0}\"\n";
			showEnvVarsInLog = 0;
		};
		B33537171EFE5475F199F289 /* [CP] Embed Pods Frameworks */ = {
			isa = PBXShellScriptBuildPhase;
			buildActionMask = 2147483647;
			files = (
			);
			inputFileListPaths = (
				"${PODS_ROOT}/Target Support Files/Pods-HamuHamu/Pods-HamuHamu-frameworks-${CONFIGURATION}-input-files.xcfilelist",
			);
			name = "[CP] Embed Pods Frameworks";
			outputFileListPaths = (
				"${PODS_ROOT}/Target Support Files/Pods-HamuHamu/Pods-HamuHamu-frameworks-${CONFIGURATION}-output-files.xcfilelist",
			);
			runOnlyForDeploymentPostprocessing = 0;
			shellPath = /bin/sh;
			shellScript = "\"${PODS_ROOT}/Target Support Files/Pods-HamuHamu/Pods-HamuHamu-frameworks.sh\"\n";
			showEnvVarsInLog = 0;
		};
/* End PBXShellScriptBuildPhase section */

/* Begin PBXSourcesBuildPhase section */
		01CB0F1B20AF02BF00280A70 /* Sources */ = {
			isa = PBXSourcesBuildPhase;
			buildActionMask = 2147483647;
			files = (
				01CB0F2520AF02BF00280A70 /* ViewController.swift in Sources */,
				01CB0F2320AF02BF00280A70 /* AppDelegate.swift in Sources */,
				019902302350E1C8008BC24D /* HamburgerFranCell.swift in Sources */,
				019902322350F20E008BC24D /* FranDetailViewController.swift in Sources */,
				01E619C3233EA2F300BD1DAF /* MenuCell.swift in Sources */,
				0132644723536AA400D82169 /* CalorieDetailViewController.swift in Sources */,
				013263FF2352BB6F00D82169 /* BrandImageCell.swift in Sources */,
				016910772309860C002A8265 /* DeveloperInfoViewController.swift in Sources */,
				0132644523534DF500D82169 /* Calories.swift in Sources */,
				01E619C5233F163E00BD1DAF /* NoticeViewController.swift in Sources */,
				01C500162369D5860085D670 /* BrandViewController.swift in Sources */,
				01E619C1233E84E100BD1DAF /* SettingViewController.swift in Sources */,
				0172A3E822E8A9A800D2A67F /* EventWebView.swift in Sources */,
				01AEA73323B4E90F005A7521 /* EventCell.swift in Sources */,
				01326443235321AE00D82169 /* CalorieCell.swift in Sources */,
				0132643F235316FD00D82169 /* CalorieViewController.swift in Sources */,
				016910742309656C002A8265 /* EventSafariView.swift in Sources */,
				016AC0512348F66500D853A4 /* FranchiseCell.swift in Sources */,
				01E619BF233CED6200BD1DAF /* CommonMethod.swift in Sources */,
				01F4688A233A525800A1B4CA /* BrandCell.swift in Sources */,
				0132644123531C3600D82169 /* DBModel.swift in Sources */,
			);
			runOnlyForDeploymentPostprocessing = 0;
		};
/* End PBXSourcesBuildPhase section */

/* Begin PBXVariantGroup section */
		019902492351F047008BC24D /* File.strings */ = {
			isa = PBXVariantGroup;
			children = (
				019902482351F047008BC24D /* en */,
				0199024A2351F04B008BC24D /* ko */,
			);
			name = File.strings;
			sourceTree = "<group>";
		};
		01CB0F2620AF02BF00280A70 /* Main.storyboard */ = {
			isa = PBXVariantGroup;
			children = (
				01CB0F2720AF02BF00280A70 /* Base */,
				019902422351EE37008BC24D /* ko */,
			);
			name = Main.storyboard;
			sourceTree = "<group>";
		};
		01CB0F2B20AF02C000280A70 /* LaunchScreen.storyboard */ = {
			isa = PBXVariantGroup;
			children = (
				01CB0F2C20AF02C000280A70 /* Base */,
				019902432351EE37008BC24D /* ko */,
			);
			name = LaunchScreen.storyboard;
			sourceTree = "<group>";
		};
		01DBFF1D23BCE6F700ADCC99 /* InfoPlist.strings */ = {
			isa = PBXVariantGroup;
			children = (
				01DBFF1C23BCE6F700ADCC99 /* en */,
				01DBFF1E23BCE6FA00ADCC99 /* ko */,
			);
			name = InfoPlist.strings;
			sourceTree = "<group>";
		};
/* End PBXVariantGroup section */

/* Begin XCBuildConfiguration section */
		01CB0F2F20AF02C000280A70 /* Debug */ = {
			isa = XCBuildConfiguration;
			buildSettings = {
				ALWAYS_SEARCH_USER_PATHS = NO;
				CLANG_ANALYZER_LOCALIZABILITY_NONLOCALIZED = YES;
				CLANG_ANALYZER_NONNULL = YES;
				CLANG_ANALYZER_NUMBER_OBJECT_CONVERSION = YES_AGGRESSIVE;
				CLANG_CXX_LANGUAGE_STANDARD = "gnu++14";
				CLANG_CXX_LIBRARY = "libc++";
				CLANG_ENABLE_MODULES = YES;
				CLANG_ENABLE_OBJC_ARC = YES;
				CLANG_ENABLE_OBJC_WEAK = YES;
				CLANG_WARN_BLOCK_CAPTURE_AUTORELEASING = YES;
				CLANG_WARN_BOOL_CONVERSION = YES;
				CLANG_WARN_COMMA = YES;
				CLANG_WARN_CONSTANT_CONVERSION = YES;
				CLANG_WARN_DEPRECATED_OBJC_IMPLEMENTATIONS = YES;
				CLANG_WARN_DIRECT_OBJC_ISA_USAGE = YES_ERROR;
				CLANG_WARN_DOCUMENTATION_COMMENTS = YES;
				CLANG_WARN_EMPTY_BODY = YES;
				CLANG_WARN_ENUM_CONVERSION = YES;
				CLANG_WARN_INFINITE_RECURSION = YES;
				CLANG_WARN_INT_CONVERSION = YES;
				CLANG_WARN_NON_LITERAL_NULL_CONVERSION = YES;
				CLANG_WARN_OBJC_IMPLICIT_RETAIN_SELF = YES;
				CLANG_WARN_OBJC_LITERAL_CONVERSION = YES;
				CLANG_WARN_OBJC_ROOT_CLASS = YES_ERROR;
				CLANG_WARN_RANGE_LOOP_ANALYSIS = YES;
				CLANG_WARN_STRICT_PROTOTYPES = YES;
				CLANG_WARN_SUSPICIOUS_MOVE = YES;
				CLANG_WARN_UNGUARDED_AVAILABILITY = YES_AGGRESSIVE;
				CLANG_WARN_UNREACHABLE_CODE = YES;
				CLANG_WARN__DUPLICATE_METHOD_MATCH = YES;
				CODE_SIGN_IDENTITY = "iPhone Developer";
				COPY_PHASE_STRIP = NO;
				DEBUG_INFORMATION_FORMAT = dwarf;
				ENABLE_STRICT_OBJC_MSGSEND = YES;
				ENABLE_TESTABILITY = YES;
				GCC_C_LANGUAGE_STANDARD = gnu11;
				GCC_DYNAMIC_NO_PIC = NO;
				GCC_NO_COMMON_BLOCKS = YES;
				GCC_OPTIMIZATION_LEVEL = 0;
				GCC_PREPROCESSOR_DEFINITIONS = (
					"DEBUG=1",
					"$(inherited)",
				);
				GCC_WARN_64_TO_32_BIT_CONVERSION = YES;
				GCC_WARN_ABOUT_RETURN_TYPE = YES_ERROR;
				GCC_WARN_UNDECLARED_SELECTOR = YES;
				GCC_WARN_UNINITIALIZED_AUTOS = YES_AGGRESSIVE;
				GCC_WARN_UNUSED_FUNCTION = YES;
				GCC_WARN_UNUSED_VARIABLE = YES;
				IPHONEOS_DEPLOYMENT_TARGET = 11.3;
				MTL_ENABLE_DEBUG_INFO = YES;
				ONLY_ACTIVE_ARCH = YES;
				SDKROOT = iphoneos;
				SWIFT_ACTIVE_COMPILATION_CONDITIONS = DEBUG;
				SWIFT_OPTIMIZATION_LEVEL = "-Onone";
			};
			name = Debug;
		};
		01CB0F3020AF02C000280A70 /* Release */ = {
			isa = XCBuildConfiguration;
			buildSettings = {
				ALWAYS_SEARCH_USER_PATHS = NO;
				CLANG_ANALYZER_LOCALIZABILITY_NONLOCALIZED = YES;
				CLANG_ANALYZER_NONNULL = YES;
				CLANG_ANALYZER_NUMBER_OBJECT_CONVERSION = YES_AGGRESSIVE;
				CLANG_CXX_LANGUAGE_STANDARD = "gnu++14";
				CLANG_CXX_LIBRARY = "libc++";
				CLANG_ENABLE_MODULES = YES;
				CLANG_ENABLE_OBJC_ARC = YES;
				CLANG_ENABLE_OBJC_WEAK = YES;
				CLANG_WARN_BLOCK_CAPTURE_AUTORELEASING = YES;
				CLANG_WARN_BOOL_CONVERSION = YES;
				CLANG_WARN_COMMA = YES;
				CLANG_WARN_CONSTANT_CONVERSION = YES;
				CLANG_WARN_DEPRECATED_OBJC_IMPLEMENTATIONS = YES;
				CLANG_WARN_DIRECT_OBJC_ISA_USAGE = YES_ERROR;
				CLANG_WARN_DOCUMENTATION_COMMENTS = YES;
				CLANG_WARN_EMPTY_BODY = YES;
				CLANG_WARN_ENUM_CONVERSION = YES;
				CLANG_WARN_INFINITE_RECURSION = YES;
				CLANG_WARN_INT_CONVERSION = YES;
				CLANG_WARN_NON_LITERAL_NULL_CONVERSION = YES;
				CLANG_WARN_OBJC_IMPLICIT_RETAIN_SELF = YES;
				CLANG_WARN_OBJC_LITERAL_CONVERSION = YES;
				CLANG_WARN_OBJC_ROOT_CLASS = YES_ERROR;
				CLANG_WARN_RANGE_LOOP_ANALYSIS = YES;
				CLANG_WARN_STRICT_PROTOTYPES = YES;
				CLANG_WARN_SUSPICIOUS_MOVE = YES;
				CLANG_WARN_UNGUARDED_AVAILABILITY = YES_AGGRESSIVE;
				CLANG_WARN_UNREACHABLE_CODE = YES;
				CLANG_WARN__DUPLICATE_METHOD_MATCH = YES;
				CODE_SIGN_IDENTITY = "iPhone Developer";
				COPY_PHASE_STRIP = NO;
				DEBUG_INFORMATION_FORMAT = "dwarf-with-dsym";
				ENABLE_NS_ASSERTIONS = NO;
				ENABLE_STRICT_OBJC_MSGSEND = YES;
				GCC_C_LANGUAGE_STANDARD = gnu11;
				GCC_NO_COMMON_BLOCKS = YES;
				GCC_WARN_64_TO_32_BIT_CONVERSION = YES;
				GCC_WARN_ABOUT_RETURN_TYPE = YES_ERROR;
				GCC_WARN_UNDECLARED_SELECTOR = YES;
				GCC_WARN_UNINITIALIZED_AUTOS = YES_AGGRESSIVE;
				GCC_WARN_UNUSED_FUNCTION = YES;
				GCC_WARN_UNUSED_VARIABLE = YES;
				IPHONEOS_DEPLOYMENT_TARGET = 11.3;
				MTL_ENABLE_DEBUG_INFO = NO;
				SDKROOT = iphoneos;
				SWIFT_COMPILATION_MODE = wholemodule;
				SWIFT_OPTIMIZATION_LEVEL = "-O";
				VALIDATE_PRODUCT = YES;
			};
			name = Release;
		};
		01CB0F3220AF02C000280A70 /* Debug */ = {
			isa = XCBuildConfiguration;
			baseConfigurationReference = C960CED6D3A298F6BB220917 /* Pods-HamuHamu.debug.xcconfig */;
			buildSettings = {
				ASSETCATALOG_COMPILER_APPICON_NAME = AppIcon;
				CODE_SIGN_ENTITLEMENTS = HamuHamu/HamuHamu.entitlements;
				CODE_SIGN_STYLE = Automatic;
				CURRENT_PROJECT_VERSION = 1;
				DEVELOPMENT_TEAM = XP44KJ6JB3;
				INFOPLIST_FILE = HamuHamu/Info.plist;
				LD_RUNPATH_SEARCH_PATHS = (
					"$(inherited)",
					"@executable_path/Frameworks",
				);
				MARKETING_VERSION = 1.4.0;
				PRODUCT_BUNDLE_IDENTIFIER = com.yoo.HamuHamu;
				PRODUCT_NAME = "$(TARGET_NAME)";
				SWIFT_VERSION = 4.0;
				TARGETED_DEVICE_FAMILY = 1;
			};
			name = Debug;
		};
		01CB0F3320AF02C000280A70 /* Release */ = {
			isa = XCBuildConfiguration;
			baseConfigurationReference = A5F46ADB61BF449F26989E61 /* Pods-HamuHamu.release.xcconfig */;
			buildSettings = {
				ASSETCATALOG_COMPILER_APPICON_NAME = AppIcon;
				CODE_SIGN_ENTITLEMENTS = HamuHamu/HamuHamu.entitlements;
				CODE_SIGN_STYLE = Automatic;
				CURRENT_PROJECT_VERSION = 1;
				DEVELOPMENT_TEAM = XP44KJ6JB3;
				INFOPLIST_FILE = HamuHamu/Info.plist;
				LD_RUNPATH_SEARCH_PATHS = (
					"$(inherited)",
					"@executable_path/Frameworks",
				);
				MARKETING_VERSION = 1.4.0;
				PRODUCT_BUNDLE_IDENTIFIER = com.yoo.HamuHamu;
				PRODUCT_NAME = "$(TARGET_NAME)";
				SWIFT_VERSION = 4.0;
				TARGETED_DEVICE_FAMILY = 1;
			};
			name = Release;
		};
/* End XCBuildConfiguration section */

/* Begin XCConfigurationList section */
		01CB0F1A20AF02BF00280A70 /* Build configuration list for PBXProject "HamuHamu" */ = {
			isa = XCConfigurationList;
			buildConfigurations = (
				01CB0F2F20AF02C000280A70 /* Debug */,
				01CB0F3020AF02C000280A70 /* Release */,
			);
			defaultConfigurationIsVisible = 0;
			defaultConfigurationName = Release;
		};
		01CB0F3120AF02C000280A70 /* Build configuration list for PBXNativeTarget "HamuHamu" */ = {
			isa = XCConfigurationList;
			buildConfigurations = (
				01CB0F3220AF02C000280A70 /* Debug */,
				01CB0F3320AF02C000280A70 /* Release */,
			);
			defaultConfigurationIsVisible = 0;
			defaultConfigurationName = Release;
		};
/* End XCConfigurationList section */
	};
	rootObject = 01CB0F1720AF02BF00280A70 /* Project object */;
}
